// !$*UTF8*$!
{
	archiveVersion = 1;
	classes = {
	};
	objectVersion = 56;
	objects = {

/* Begin PBXBuildFile section */
		D17F06BF2C1285F400EB2CA1 /* LookupModel.swift in Sources */ = {isa = PBXBuildFile; fileRef = D17F06BE2C1285F400EB2CA1 /* LookupModel.swift */; };
		D17F06E32C1286F700EB2CA1 /* Lenox.CUBE in Resources */ = {isa = PBXBuildFile; fileRef = D17F06C02C1286F600EB2CA1 /* Lenox.CUBE */; };
		D17F06E42C1286F700EB2CA1 /* Django.CUBE in Resources */ = {isa = PBXBuildFile; fileRef = D17F06C12C1286F600EB2CA1 /* Django.CUBE */; };
		D17F06E52C1286F700EB2CA1 /* Tweed.CUBE in Resources */ = {isa = PBXBuildFile; fileRef = D17F06C22C1286F600EB2CA1 /* Tweed.CUBE */; };
		D17F06E62C1286F700EB2CA1 /* Neon.CUBE in Resources */ = {isa = PBXBuildFile; fileRef = D17F06C32C1286F600EB2CA1 /* Neon.CUBE */; };
		D17F06E72C1286F700EB2CA1 /* Sprocket.CUBE in Resources */ = {isa = PBXBuildFile; fileRef = D17F06C42C1286F600EB2CA1 /* Sprocket.CUBE */; };
		D17F06E82C1286F700EB2CA1 /* Bourbon.CUBE in Resources */ = {isa = PBXBuildFile; fileRef = D17F06C52C1286F600EB2CA1 /* Bourbon.CUBE */; };
		D17F06E92C1286F700EB2CA1 /* Azrael.CUBE in Resources */ = {isa = PBXBuildFile; fileRef = D17F06C62C1286F600EB2CA1 /* Azrael.CUBE */; };
		D17F06EA2C1286F700EB2CA1 /* Domingo.CUBE in Resources */ = {isa = PBXBuildFile; fileRef = D17F06C72C1286F600EB2CA1 /* Domingo.CUBE */; };
		D17F06EB2C1286F700EB2CA1 /* Clouseau.CUBE in Resources */ = {isa = PBXBuildFile; fileRef = D17F06C82C1286F600EB2CA1 /* Clouseau.CUBE */; };
		D17F06EC2C1286F700EB2CA1 /* Contrail.CUBE in Resources */ = {isa = PBXBuildFile; fileRef = D17F06C92C1286F600EB2CA1 /* Contrail.CUBE */; };
		D17F06ED2C1286F700EB2CA1 /* Milo.CUBE in Resources */ = {isa = PBXBuildFile; fileRef = D17F06CA2C1286F600EB2CA1 /* Milo.CUBE */; };
		D17F06EE2C1286F700EB2CA1 /* Ava.CUBE in Resources */ = {isa = PBXBuildFile; fileRef = D17F06CB2C1286F600EB2CA1 /* Ava.CUBE */; };
		D17F06EF2C1286F700EB2CA1 /* Reeve.CUBE in Resources */ = {isa = PBXBuildFile; fileRef = D17F06CC2C1286F600EB2CA1 /* Reeve.CUBE */; };
		D17F06F02C1286F700EB2CA1 /* Pitaya.CUBE in Resources */ = {isa = PBXBuildFile; fileRef = D17F06CD2C1286F600EB2CA1 /* Pitaya.CUBE */; };
		D17F06F12C1286F700EB2CA1 /* Korben.CUBE in Resources */ = {isa = PBXBuildFile; fileRef = D17F06CE2C1286F600EB2CA1 /* Korben.CUBE */; };
		D17F06F22C1286F700EB2CA1 /* Pasadena.CUBE in Resources */ = {isa = PBXBuildFile; fileRef = D17F06CF2C1286F600EB2CA1 /* Pasadena.CUBE */; };
		D17F06F32C1286F700EB2CA1 /* Trent.CUBE in Resources */ = {isa = PBXBuildFile; fileRef = D17F06D02C1286F600EB2CA1 /* Trent.CUBE */; };
		D17F06F42C1286F700EB2CA1 /* Faded.CUBE in Resources */ = {isa = PBXBuildFile; fileRef = D17F06D12C1286F700EB2CA1 /* Faded.CUBE */; };
		D17F06F52C1286F700EB2CA1 /* Paladin.CUBE in Resources */ = {isa = PBXBuildFile; fileRef = D17F06D22C1286F700EB2CA1 /* Paladin.CUBE */; };
		D17F06F62C1286F700EB2CA1 /* Byers.CUBE in Resources */ = {isa = PBXBuildFile; fileRef = D17F06D32C1286F700EB2CA1 /* Byers.CUBE */; };
		D17F06F72C1286F700EB2CA1 /* Arabica.CUBE in Resources */ = {isa = PBXBuildFile; fileRef = D17F06D42C1286F700EB2CA1 /* Arabica.CUBE */; };
		D17F06F82C1286F700EB2CA1 /* Zeke.CUBE in Resources */ = {isa = PBXBuildFile; fileRef = D17F06D52C1286F700EB2CA1 /* Zeke.CUBE */; };
		D17F06F92C1286F700EB2CA1 /* Chemical.CUBE in Resources */ = {isa = PBXBuildFile; fileRef = D17F06D62C1286F700EB2CA1 /* Chemical.CUBE */; };
		D17F06FA2C1286F700EB2CA1 /* Lucky.CUBE in Resources */ = {isa = PBXBuildFile; fileRef = D17F06D72C1286F700EB2CA1 /* Lucky.CUBE */; };
		D17F06FB2C1286F700EB2CA1 /* Clayton.CUBE in Resources */ = {isa = PBXBuildFile; fileRef = D17F06D82C1286F700EB2CA1 /* Clayton.CUBE */; };
		D17F06FC2C1286F700EB2CA1 /* Folger.CUBE in Resources */ = {isa = PBXBuildFile; fileRef = D17F06D92C1286F700EB2CA1 /* Folger.CUBE */; };
		D17F06FD2C1286F700EB2CA1 /* Fusion.CUBE in Resources */ = {isa = PBXBuildFile; fileRef = D17F06DA2C1286F700EB2CA1 /* Fusion.CUBE */; };
		D17F06FE2C1286F700EB2CA1 /* McKinnon.CUBE in Resources */ = {isa = PBXBuildFile; fileRef = D17F06DB2C1286F700EB2CA1 /* McKinnon.CUBE */; };
		D17F06FF2C1286F700EB2CA1 /* Cobi.CUBE in Resources */ = {isa = PBXBuildFile; fileRef = D17F06DC2C1286F700EB2CA1 /* Cobi.CUBE */; };
		D17F07002C1286F700EB2CA1 /* Remy.CUBE in Resources */ = {isa = PBXBuildFile; fileRef = D17F06DD2C1286F700EB2CA1 /* Remy.CUBE */; };
		D17F07012C1286F700EB2CA1 /* Hyla.CUBE in Resources */ = {isa = PBXBuildFile; fileRef = D17F06DE2C1286F700EB2CA1 /* Hyla.CUBE */; };
		D17F07022C1286F700EB2CA1 /* Cubicle.CUBE in Resources */ = {isa = PBXBuildFile; fileRef = D17F06DF2C1286F700EB2CA1 /* Cubicle.CUBE */; };
		D17F07032C1286F700EB2CA1 /* Zed.CUBE in Resources */ = {isa = PBXBuildFile; fileRef = D17F06E02C1286F700EB2CA1 /* Zed.CUBE */; };
		D17F07042C1286F700EB2CA1 /* Teigen.CUBE in Resources */ = {isa = PBXBuildFile; fileRef = D17F06E12C1286F700EB2CA1 /* Teigen.CUBE */; };
		D17F07052C1286F700EB2CA1 /* Vireo.CUBE in Resources */ = {isa = PBXBuildFile; fileRef = D17F06E22C1286F700EB2CA1 /* Vireo.CUBE */; };
		D17F07072C1288BB00EB2CA1 /* LookupFilter.swift in Sources */ = {isa = PBXBuildFile; fileRef = D17F07062C1288BB00EB2CA1 /* LookupFilter.swift */; };
		D1C383402C12EA02007E9EC9 /* MetalFilter.swift in Sources */ = {isa = PBXBuildFile; fileRef = D1C3833F2C12EA02007E9EC9 /* MetalFilter.swift */; };
		D1C383422C12EAA0007E9EC9 /* filters.metal in Sources */ = {isa = PBXBuildFile; fileRef = D1C383412C12EAA0007E9EC9 /* filters.metal */; };
		D5A2B82A2C11A5F00054700F /* AppDelegate.swift in Sources */ = {isa = PBXBuildFile; fileRef = D5A2B8292C11A5F00054700F /* AppDelegate.swift */; };
		D5A2B82C2C11A5F00054700F /* SceneDelegate.swift in Sources */ = {isa = PBXBuildFile; fileRef = D5A2B82B2C11A5F00054700F /* SceneDelegate.swift */; };
		D5A2B82E2C11A5F00054700F /* ViewController.swift in Sources */ = {isa = PBXBuildFile; fileRef = D5A2B82D2C11A5F00054700F /* ViewController.swift */; };
		D5A2B8312C11A5F00054700F /* Main.storyboard in Resources */ = {isa = PBXBuildFile; fileRef = D5A2B82F2C11A5F00054700F /* Main.storyboard */; };
		D5A2B8332C11A5F10054700F /* Assets.xcassets in Resources */ = {isa = PBXBuildFile; fileRef = D5A2B8322C11A5F10054700F /* Assets.xcassets */; };
		D5A2B8362C11A5F10054700F /* LaunchScreen.storyboard in Resources */ = {isa = PBXBuildFile; fileRef = D5A2B8342C11A5F10054700F /* LaunchScreen.storyboard */; };
		D5A2B85D2C11C9730054700F /* SnapKit in Frameworks */ = {isa = PBXBuildFile; productRef = D5A2B85C2C11C9730054700F /* SnapKit */; };
/* End PBXBuildFile section */

/* Begin PBXFileReference section */
		D17F06BE2C1285F400EB2CA1 /* LookupModel.swift */ = {isa = PBXFileReference; lastKnownFileType = sourcecode.swift; path = LookupModel.swift; sourceTree = "<group>"; };
		D17F06C02C1286F600EB2CA1 /* Lenox.CUBE */ = {isa = PBXFileReference; fileEncoding = 4; lastKnownFileType = text; path = Lenox.CUBE; sourceTree = "<group>"; };
		D17F06C12C1286F600EB2CA1 /* Django.CUBE */ = {isa = PBXFileReference; fileEncoding = 4; lastKnownFileType = text; path = Django.CUBE; sourceTree = "<group>"; };
		D17F06C22C1286F600EB2CA1 /* Tweed.CUBE */ = {isa = PBXFileReference; fileEncoding = 4; lastKnownFileType = text; path = Tweed.CUBE; sourceTree = "<group>"; };
		D17F06C32C1286F600EB2CA1 /* Neon.CUBE */ = {isa = PBXFileReference; fileEncoding = 4; lastKnownFileType = text; path = Neon.CUBE; sourceTree = "<group>"; };
		D17F06C42C1286F600EB2CA1 /* Sprocket.CUBE */ = {isa = PBXFileReference; fileEncoding = 4; lastKnownFileType = text; path = Sprocket.CUBE; sourceTree = "<group>"; };
		D17F06C52C1286F600EB2CA1 /* Bourbon.CUBE */ = {isa = PBXFileReference; fileEncoding = 4; lastKnownFileType = text; path = Bourbon.CUBE; sourceTree = "<group>"; };
		D17F06C62C1286F600EB2CA1 /* Azrael.CUBE */ = {isa = PBXFileReference; fileEncoding = 4; lastKnownFileType = text; path = Azrael.CUBE; sourceTree = "<group>"; };
		D17F06C72C1286F600EB2CA1 /* Domingo.CUBE */ = {isa = PBXFileReference; fileEncoding = 4; lastKnownFileType = text; path = Domingo.CUBE; sourceTree = "<group>"; };
		D17F06C82C1286F600EB2CA1 /* Clouseau.CUBE */ = {isa = PBXFileReference; fileEncoding = 4; lastKnownFileType = text; path = Clouseau.CUBE; sourceTree = "<group>"; };
		D17F06C92C1286F600EB2CA1 /* Contrail.CUBE */ = {isa = PBXFileReference; fileEncoding = 4; lastKnownFileType = text; path = Contrail.CUBE; sourceTree = "<group>"; };
		D17F06CA2C1286F600EB2CA1 /* Milo.CUBE */ = {isa = PBXFileReference; fileEncoding = 4; lastKnownFileType = text; path = Milo.CUBE; sourceTree = "<group>"; };
		D17F06CB2C1286F600EB2CA1 /* Ava.CUBE */ = {isa = PBXFileReference; fileEncoding = 4; lastKnownFileType = text; path = Ava.CUBE; sourceTree = "<group>"; };
		D17F06CC2C1286F600EB2CA1 /* Reeve.CUBE */ = {isa = PBXFileReference; fileEncoding = 4; lastKnownFileType = text; path = Reeve.CUBE; sourceTree = "<group>"; };
		D17F06CD2C1286F600EB2CA1 /* Pitaya.CUBE */ = {isa = PBXFileReference; fileEncoding = 4; lastKnownFileType = text; path = Pitaya.CUBE; sourceTree = "<group>"; };
		D17F06CE2C1286F600EB2CA1 /* Korben.CUBE */ = {isa = PBXFileReference; fileEncoding = 4; lastKnownFileType = text; path = Korben.CUBE; sourceTree = "<group>"; };
		D17F06CF2C1286F600EB2CA1 /* Pasadena.CUBE */ = {isa = PBXFileReference; fileEncoding = 4; lastKnownFileType = text; path = Pasadena.CUBE; sourceTree = "<group>"; };
		D17F06D02C1286F600EB2CA1 /* Trent.CUBE */ = {isa = PBXFileReference; fileEncoding = 4; lastKnownFileType = text; path = Trent.CUBE; sourceTree = "<group>"; };
		D17F06D12C1286F700EB2CA1 /* Faded.CUBE */ = {isa = PBXFileReference; fileEncoding = 4; lastKnownFileType = text; path = Faded.CUBE; sourceTree = "<group>"; };
		D17F06D22C1286F700EB2CA1 /* Paladin.CUBE */ = {isa = PBXFileReference; fileEncoding = 4; lastKnownFileType = text; path = Paladin.CUBE; sourceTree = "<group>"; };
		D17F06D32C1286F700EB2CA1 /* Byers.CUBE */ = {isa = PBXFileReference; fileEncoding = 4; lastKnownFileType = text; path = Byers.CUBE; sourceTree = "<group>"; };
		D17F06D42C1286F700EB2CA1 /* Arabica.CUBE */ = {isa = PBXFileReference; fileEncoding = 4; lastKnownFileType = text; path = Arabica.CUBE; sourceTree = "<group>"; };
		D17F06D52C1286F700EB2CA1 /* Zeke.CUBE */ = {isa = PBXFileReference; fileEncoding = 4; lastKnownFileType = text; path = Zeke.CUBE; sourceTree = "<group>"; };
		D17F06D62C1286F700EB2CA1 /* Chemical.CUBE */ = {isa = PBXFileReference; fileEncoding = 4; lastKnownFileType = text; path = Chemical.CUBE; sourceTree = "<group>"; };
		D17F06D72C1286F700EB2CA1 /* Lucky.CUBE */ = {isa = PBXFileReference; fileEncoding = 4; lastKnownFileType = text; path = Lucky.CUBE; sourceTree = "<group>"; };
		D17F06D82C1286F700EB2CA1 /* Clayton.CUBE */ = {isa = PBXFileReference; fileEncoding = 4; lastKnownFileType = text; path = Clayton.CUBE; sourceTree = "<group>"; };
		D17F06D92C1286F700EB2CA1 /* Folger.CUBE */ = {isa = PBXFileReference; fileEncoding = 4; lastKnownFileType = text; path = Folger.CUBE; sourceTree = "<group>"; };
		D17F06DA2C1286F700EB2CA1 /* Fusion.CUBE */ = {isa = PBXFileReference; fileEncoding = 4; lastKnownFileType = text; path = Fusion.CUBE; sourceTree = "<group>"; };
		D17F06DB2C1286F700EB2CA1 /* McKinnon.CUBE */ = {isa = PBXFileReference; fileEncoding = 4; lastKnownFileType = text; path = McKinnon.CUBE; sourceTree = "<group>"; };
		D17F06DC2C1286F700EB2CA1 /* Cobi.CUBE */ = {isa = PBXFileReference; fileEncoding = 4; lastKnownFileType = text; path = Cobi.CUBE; sourceTree = "<group>"; };
		D17F06DD2C1286F700EB2CA1 /* Remy.CUBE */ = {isa = PBXFileReference; fileEncoding = 4; lastKnownFileType = text; path = Remy.CUBE; sourceTree = "<group>"; };
		D17F06DE2C1286F700EB2CA1 /* Hyla.CUBE */ = {isa = PBXFileReference; fileEncoding = 4; lastKnownFileType = text; path = Hyla.CUBE; sourceTree = "<group>"; };
		D17F06DF2C1286F700EB2CA1 /* Cubicle.CUBE */ = {isa = PBXFileReference; fileEncoding = 4; lastKnownFileType = text; path = Cubicle.CUBE; sourceTree = "<group>"; };
		D17F06E02C1286F700EB2CA1 /* Zed.CUBE */ = {isa = PBXFileReference; fileEncoding = 4; lastKnownFileType = text; path = Zed.CUBE; sourceTree = "<group>"; };
		D17F06E12C1286F700EB2CA1 /* Teigen.CUBE */ = {isa = PBXFileReference; fileEncoding = 4; lastKnownFileType = text; path = Teigen.CUBE; sourceTree = "<group>"; };
		D17F06E22C1286F700EB2CA1 /* Vireo.CUBE */ = {isa = PBXFileReference; fileEncoding = 4; lastKnownFileType = text; path = Vireo.CUBE; sourceTree = "<group>"; };
		D17F07062C1288BB00EB2CA1 /* LookupFilter.swift */ = {isa = PBXFileReference; lastKnownFileType = sourcecode.swift; path = LookupFilter.swift; sourceTree = "<group>"; };
		D1C3833F2C12EA02007E9EC9 /* MetalFilter.swift */ = {isa = PBXFileReference; lastKnownFileType = sourcecode.swift; path = MetalFilter.swift; sourceTree = "<group>"; };
		D1C383412C12EAA0007E9EC9 /* filters.metal */ = {isa = PBXFileReference; lastKnownFileType = sourcecode.metal; path = filters.metal; sourceTree = "<group>"; };
		D5A2B8262C11A5F00054700F /* PixiePic.app */ = {isa = PBXFileReference; explicitFileType = wrapper.application; includeInIndex = 0; path = PixiePic.app; sourceTree = BUILT_PRODUCTS_DIR; };
		D5A2B8292C11A5F00054700F /* AppDelegate.swift */ = {isa = PBXFileReference; lastKnownFileType = sourcecode.swift; path = AppDelegate.swift; sourceTree = "<group>"; };
		D5A2B82B2C11A5F00054700F /* SceneDelegate.swift */ = {isa = PBXFileReference; lastKnownFileType = sourcecode.swift; path = SceneDelegate.swift; sourceTree = "<group>"; };
		D5A2B82D2C11A5F00054700F /* ViewController.swift */ = {isa = PBXFileReference; lastKnownFileType = sourcecode.swift; path = ViewController.swift; sourceTree = "<group>"; };
		D5A2B8302C11A5F00054700F /* Base */ = {isa = PBXFileReference; lastKnownFileType = file.storyboard; name = Base; path = Base.lproj/Main.storyboard; sourceTree = "<group>"; };
		D5A2B8322C11A5F10054700F /* Assets.xcassets */ = {isa = PBXFileReference; lastKnownFileType = folder.assetcatalog; path = Assets.xcassets; sourceTree = "<group>"; };
		D5A2B8352C11A5F10054700F /* Base */ = {isa = PBXFileReference; lastKnownFileType = file.storyboard; name = Base; path = Base.lproj/LaunchScreen.storyboard; sourceTree = "<group>"; };
		D5A2B8372C11A5F10054700F /* Info.plist */ = {isa = PBXFileReference; lastKnownFileType = text.plist.xml; path = Info.plist; sourceTree = "<group>"; };
/* End PBXFileReference section */

/* Begin PBXFrameworksBuildPhase section */
		D5A2B8232C11A5F00054700F /* Frameworks */ = {
			isa = PBXFrameworksBuildPhase;
			buildActionMask = 2147483647;
			files = (
				D5A2B85D2C11C9730054700F /* SnapKit in Frameworks */,
			);
			runOnlyForDeploymentPostprocessing = 0;
		};
/* End PBXFrameworksBuildPhase section */

/* Begin PBXGroup section */
		D17F06BD2C1285CE00EB2CA1 /* Lookup */ = {
			isa = PBXGroup;
			children = (
				D17F06D42C1286F700EB2CA1 /* Arabica.CUBE */,
				D17F06CB2C1286F600EB2CA1 /* Ava.CUBE */,
				D17F06C62C1286F600EB2CA1 /* Azrael.CUBE */,
				D17F06C52C1286F600EB2CA1 /* Bourbon.CUBE */,
				D17F06D32C1286F700EB2CA1 /* Byers.CUBE */,
				D17F06D62C1286F700EB2CA1 /* Chemical.CUBE */,
				D17F06D82C1286F700EB2CA1 /* Clayton.CUBE */,
				D17F06C82C1286F600EB2CA1 /* Clouseau.CUBE */,
				D17F06DC2C1286F700EB2CA1 /* Cobi.CUBE */,
				D17F06C92C1286F600EB2CA1 /* Contrail.CUBE */,
				D17F06DF2C1286F700EB2CA1 /* Cubicle.CUBE */,
				D17F06C12C1286F600EB2CA1 /* Django.CUBE */,
				D17F06C72C1286F600EB2CA1 /* Domingo.CUBE */,
				D17F06D12C1286F700EB2CA1 /* Faded.CUBE */,
				D17F06D92C1286F700EB2CA1 /* Folger.CUBE */,
				D17F06DA2C1286F700EB2CA1 /* Fusion.CUBE */,
				D17F06DE2C1286F700EB2CA1 /* Hyla.CUBE */,
				D17F06CE2C1286F600EB2CA1 /* Korben.CUBE */,
				D17F06C02C1286F600EB2CA1 /* Lenox.CUBE */,
				D17F06D72C1286F700EB2CA1 /* Lucky.CUBE */,
				D17F06DB2C1286F700EB2CA1 /* McKinnon.CUBE */,
				D17F06CA2C1286F600EB2CA1 /* Milo.CUBE */,
				D17F06C32C1286F600EB2CA1 /* Neon.CUBE */,
				D17F06D22C1286F700EB2CA1 /* Paladin.CUBE */,
				D17F06CF2C1286F600EB2CA1 /* Pasadena.CUBE */,
				D17F06CD2C1286F600EB2CA1 /* Pitaya.CUBE */,
				D17F06CC2C1286F600EB2CA1 /* Reeve.CUBE */,
				D17F06DD2C1286F700EB2CA1 /* Remy.CUBE */,
				D17F06C42C1286F600EB2CA1 /* Sprocket.CUBE */,
				D17F06E12C1286F700EB2CA1 /* Teigen.CUBE */,
				D17F06D02C1286F600EB2CA1 /* Trent.CUBE */,
				D17F06C22C1286F600EB2CA1 /* Tweed.CUBE */,
				D17F06E22C1286F700EB2CA1 /* Vireo.CUBE */,
				D17F06E02C1286F700EB2CA1 /* Zed.CUBE */,
				D17F06D52C1286F700EB2CA1 /* Zeke.CUBE */,
				D17F06BE2C1285F400EB2CA1 /* LookupModel.swift */,
				D17F07062C1288BB00EB2CA1 /* LookupFilter.swift */,
			);
			path = Lookup;
			sourceTree = "<group>";
		};
		D55AE7DC2C15898200CCC33D /* Metal */ = {
			isa = PBXGroup;
			children = (
				D1C3833F2C12EA02007E9EC9 /* MetalFilter.swift */,
				D1C383412C12EAA0007E9EC9 /* filters.metal */,
			);
			path = Metal;
			sourceTree = "<group>";
		};
		D5A2B81D2C11A5F00054700F = {
			isa = PBXGroup;
			children = (
				D5A2B8282C11A5F00054700F /* PixiePic */,
				D5A2B8272C11A5F00054700F /* Products */,
			);
			sourceTree = "<group>";
		};
		D5A2B8272C11A5F00054700F /* Products */ = {
			isa = PBXGroup;
			children = (
				D5A2B8262C11A5F00054700F /* PixiePic.app */,
			);
			name = Products;
			sourceTree = "<group>";
		};
		D5A2B8282C11A5F00054700F /* PixiePic */ = {
			isa = PBXGroup;
			children = (
				D55AE7DC2C15898200CCC33D /* Metal */,
				D17F06BD2C1285CE00EB2CA1 /* Lookup */,
				D5A2B8292C11A5F00054700F /* AppDelegate.swift */,
				D5A2B82B2C11A5F00054700F /* SceneDelegate.swift */,
				D5A2B82D2C11A5F00054700F /* ViewController.swift */,
				D5A2B82F2C11A5F00054700F /* Main.storyboard */,
				D5A2B8322C11A5F10054700F /* Assets.xcassets */,
				D5A2B8342C11A5F10054700F /* LaunchScreen.storyboard */,
				D5A2B8372C11A5F10054700F /* Info.plist */,
			);
			path = PixiePic;
			sourceTree = "<group>";
		};
/* End PBXGroup section */

/* Begin PBXNativeTarget section */
		D5A2B8252C11A5F00054700F /* PixiePic */ = {
			isa = PBXNativeTarget;
			buildConfigurationList = D5A2B83A2C11A5F10054700F /* Build configuration list for PBXNativeTarget "PixiePic" */;
			buildPhases = (
				D5A2B8222C11A5F00054700F /* Sources */,
				D5A2B8232C11A5F00054700F /* Frameworks */,
				D5A2B8242C11A5F00054700F /* Resources */,
			);
			buildRules = (
			);
			dependencies = (
			);
			name = PixiePic;
			packageProductDependencies = (
				D5A2B85C2C11C9730054700F /* SnapKit */,
			);
			productName = PixiePic;
			productReference = D5A2B8262C11A5F00054700F /* PixiePic.app */;
			productType = "com.apple.product-type.application";
		};
/* End PBXNativeTarget section */

/* Begin PBXProject section */
		D5A2B81E2C11A5F00054700F /* Project object */ = {
			isa = PBXProject;
			attributes = {
				BuildIndependentTargetsInParallel = 1;
				LastSwiftUpdateCheck = 1510;
				LastUpgradeCheck = 1510;
				TargetAttributes = {
					D5A2B8252C11A5F00054700F = {
						CreatedOnToolsVersion = 15.1;
					};
				};
			};
			buildConfigurationList = D5A2B8212C11A5F00054700F /* Build configuration list for PBXProject "PixiePic" */;
			compatibilityVersion = "Xcode 14.0";
			developmentRegion = en;
			hasScannedForEncodings = 0;
			knownRegions = (
				en,
				Base,
			);
			mainGroup = D5A2B81D2C11A5F00054700F;
			packageReferences = (
				D5A2B85B2C11C9730054700F /* XCRemoteSwiftPackageReference "Snapkit" */,
			);
			productRefGroup = D5A2B8272C11A5F00054700F /* Products */;
			projectDirPath = "";
			projectRoot = "";
			targets = (
				D5A2B8252C11A5F00054700F /* PixiePic */,
			);
		};
/* End PBXProject section */

/* Begin PBXResourcesBuildPhase section */
		D5A2B8242C11A5F00054700F /* Resources */ = {
			isa = PBXResourcesBuildPhase;
			buildActionMask = 2147483647;
			files = (
				D17F06FC2C1286F700EB2CA1 /* Folger.CUBE in Resources */,
				D17F06E92C1286F700EB2CA1 /* Azrael.CUBE in Resources */,
				D17F06F82C1286F700EB2CA1 /* Zeke.CUBE in Resources */,
				D17F07042C1286F700EB2CA1 /* Teigen.CUBE in Resources */,
				D17F06E32C1286F700EB2CA1 /* Lenox.CUBE in Resources */,
				D17F06E52C1286F700EB2CA1 /* Tweed.CUBE in Resources */,
				D17F06E62C1286F700EB2CA1 /* Neon.CUBE in Resources */,
				D17F06F92C1286F700EB2CA1 /* Chemical.CUBE in Resources */,
				D17F06F52C1286F700EB2CA1 /* Paladin.CUBE in Resources */,
				D17F06FF2C1286F700EB2CA1 /* Cobi.CUBE in Resources */,
				D17F06F62C1286F700EB2CA1 /* Byers.CUBE in Resources */,
				D5A2B8362C11A5F10054700F /* LaunchScreen.storyboard in Resources */,
				D17F06EC2C1286F700EB2CA1 /* Contrail.CUBE in Resources */,
				D5A2B8332C11A5F10054700F /* Assets.xcassets in Resources */,
				D17F06EA2C1286F700EB2CA1 /* Domingo.CUBE in Resources */,
				D17F06F32C1286F700EB2CA1 /* Trent.CUBE in Resources */,
				D17F07012C1286F700EB2CA1 /* Hyla.CUBE in Resources */,
				D17F06F12C1286F700EB2CA1 /* Korben.CUBE in Resources */,
				D17F06FD2C1286F700EB2CA1 /* Fusion.CUBE in Resources */,
				D17F06EB2C1286F700EB2CA1 /* Clouseau.CUBE in Resources */,
				D17F06FA2C1286F700EB2CA1 /* Lucky.CUBE in Resources */,
				D17F06F42C1286F700EB2CA1 /* Faded.CUBE in Resources */,
				D17F06EE2C1286F700EB2CA1 /* Ava.CUBE in Resources */,
				D5A2B8312C11A5F00054700F /* Main.storyboard in Resources */,
				D17F06E42C1286F700EB2CA1 /* Django.CUBE in Resources */,
				D17F07052C1286F700EB2CA1 /* Vireo.CUBE in Resources */,
				D17F06FE2C1286F700EB2CA1 /* McKinnon.CUBE in Resources */,
				D17F06EF2C1286F700EB2CA1 /* Reeve.CUBE in Resources */,
				D17F06F72C1286F700EB2CA1 /* Arabica.CUBE in Resources */,
				D17F06F02C1286F700EB2CA1 /* Pitaya.CUBE in Resources */,
				D17F07032C1286F700EB2CA1 /* Zed.CUBE in Resources */,
				D17F06F22C1286F700EB2CA1 /* Pasadena.CUBE in Resources */,
				D17F07002C1286F700EB2CA1 /* Remy.CUBE in Resources */,
				D17F06FB2C1286F700EB2CA1 /* Clayton.CUBE in Resources */,
				D17F06E72C1286F700EB2CA1 /* Sprocket.CUBE in Resources */,
				D17F07022C1286F700EB2CA1 /* Cubicle.CUBE in Resources */,
				D17F06ED2C1286F700EB2CA1 /* Milo.CUBE in Resources */,
				D17F06E82C1286F700EB2CA1 /* Bourbon.CUBE in Resources */,
			);
			runOnlyForDeploymentPostprocessing = 0;
		};
/* End PBXResourcesBuildPhase section */

/* Begin PBXSourcesBuildPhase section */
		D5A2B8222C11A5F00054700F /* Sources */ = {
			isa = PBXSourcesBuildPhase;
			buildActionMask = 2147483647;
			files = (
				D5A2B82E2C11A5F00054700F /* ViewController.swift in Sources */,
				D1C383422C12EAA0007E9EC9 /* filters.metal in Sources */,
				D1C383402C12EA02007E9EC9 /* MetalFilter.swift in Sources */,
				D5A2B82A2C11A5F00054700F /* AppDelegate.swift in Sources */,
				D17F07072C1288BB00EB2CA1 /* LookupFilter.swift in Sources */,
				D5A2B82C2C11A5F00054700F /* SceneDelegate.swift in Sources */,
				D17F06BF2C1285F400EB2CA1 /* LookupModel.swift in Sources */,
			);
			runOnlyForDeploymentPostprocessing = 0;
		};
/* End PBXSourcesBuildPhase section */

/* Begin PBXVariantGroup section */
		D5A2B82F2C11A5F00054700F /* Main.storyboard */ = {
			isa = PBXVariantGroup;
			children = (
				D5A2B8302C11A5F00054700F /* Base */,
			);
			name = Main.storyboard;
			sourceTree = "<group>";
		};
		D5A2B8342C11A5F10054700F /* LaunchScreen.storyboard */ = {
			isa = PBXVariantGroup;
			children = (
				D5A2B8352C11A5F10054700F /* Base */,
			);
			name = LaunchScreen.storyboard;
			sourceTree = "<group>";
		};
/* End PBXVariantGroup section */

/* Begin XCBuildConfiguration section */
		D5A2B8382C11A5F10054700F /* Debug */ = {
			isa = XCBuildConfiguration;
			buildSettings = {
				ALWAYS_SEARCH_USER_PATHS = NO;
				ASSETCATALOG_COMPILER_GENERATE_SWIFT_ASSET_SYMBOL_EXTENSIONS = YES;
				CLANG_ANALYZER_NONNULL = YES;
				CLANG_ANALYZER_NUMBER_OBJECT_CONVERSION = YES_AGGRESSIVE;
				CLANG_CXX_LANGUAGE_STANDARD = "gnu++20";
				CLANG_ENABLE_MODULES = YES;
				CLANG_ENABLE_OBJC_ARC = YES;
				CLANG_ENABLE_OBJC_WEAK = YES;
				CLANG_WARN_BLOCK_CAPTURE_AUTORELEASING = YES;
				CLANG_WARN_BOOL_CONVERSION = YES;
				CLANG_WARN_COMMA = YES;
				CLANG_WARN_CONSTANT_CONVERSION = YES;
				CLANG_WARN_DEPRECATED_OBJC_IMPLEMENTATIONS = YES;
				CLANG_WARN_DIRECT_OBJC_ISA_USAGE = YES_ERROR;
				CLANG_WARN_DOCUMENTATION_COMMENTS = YES;
				CLANG_WARN_EMPTY_BODY = YES;
				CLANG_WARN_ENUM_CONVERSION = YES;
				CLANG_WARN_INFINITE_RECURSION = YES;
				CLANG_WARN_INT_CONVERSION = YES;
				CLANG_WARN_NON_LITERAL_NULL_CONVERSION = YES;
				CLANG_WARN_OBJC_IMPLICIT_RETAIN_SELF = YES;
				CLANG_WARN_OBJC_LITERAL_CONVERSION = YES;
				CLANG_WARN_OBJC_ROOT_CLASS = YES_ERROR;
				CLANG_WARN_QUOTED_INCLUDE_IN_FRAMEWORK_HEADER = YES;
				CLANG_WARN_RANGE_LOOP_ANALYSIS = YES;
				CLANG_WARN_STRICT_PROTOTYPES = YES;
				CLANG_WARN_SUSPICIOUS_MOVE = YES;
				CLANG_WARN_UNGUARDED_AVAILABILITY = YES_AGGRESSIVE;
				CLANG_WARN_UNREACHABLE_CODE = YES;
				CLANG_WARN__DUPLICATE_METHOD_MATCH = YES;
				COPY_PHASE_STRIP = NO;
				DEBUG_INFORMATION_FORMAT = dwarf;
				ENABLE_STRICT_OBJC_MSGSEND = YES;
				ENABLE_TESTABILITY = YES;
				ENABLE_USER_SCRIPT_SANDBOXING = YES;
				GCC_C_LANGUAGE_STANDARD = gnu17;
				GCC_DYNAMIC_NO_PIC = NO;
				GCC_NO_COMMON_BLOCKS = YES;
				GCC_OPTIMIZATION_LEVEL = 0;
				GCC_PREPROCESSOR_DEFINITIONS = (
					"DEBUG=1",
					"$(inherited)",
				);
				GCC_WARN_64_TO_32_BIT_CONVERSION = YES;
				GCC_WARN_ABOUT_RETURN_TYPE = YES_ERROR;
				GCC_WARN_UNDECLARED_SELECTOR = YES;
				GCC_WARN_UNINITIALIZED_AUTOS = YES_AGGRESSIVE;
				GCC_WARN_UNUSED_FUNCTION = YES;
				GCC_WARN_UNUSED_VARIABLE = YES;
				IPHONEOS_DEPLOYMENT_TARGET = 15.0;
				LOCALIZATION_PREFERS_STRING_CATALOGS = YES;
				MTL_ENABLE_DEBUG_INFO = INCLUDE_SOURCE;
				MTL_FAST_MATH = YES;
				ONLY_ACTIVE_ARCH = YES;
				SDKROOT = iphoneos;
				SWIFT_ACTIVE_COMPILATION_CONDITIONS = "DEBUG $(inherited)";
				SWIFT_OPTIMIZATION_LEVEL = "-Onone";
			};
			name = Debug;
		};
		D5A2B8392C11A5F10054700F /* Release */ = {
			isa = XCBuildConfiguration;
			buildSettings = {
				ALWAYS_SEARCH_USER_PATHS = NO;
				ASSETCATALOG_COMPILER_GENERATE_SWIFT_ASSET_SYMBOL_EXTENSIONS = YES;
				CLANG_ANALYZER_NONNULL = YES;
				CLANG_ANALYZER_NUMBER_OBJECT_CONVERSION = YES_AGGRESSIVE;
				CLANG_CXX_LANGUAGE_STANDARD = "gnu++20";
				CLANG_ENABLE_MODULES = YES;
				CLANG_ENABLE_OBJC_ARC = YES;
				CLANG_ENABLE_OBJC_WEAK = YES;
				CLANG_WARN_BLOCK_CAPTURE_AUTORELEASING = YES;
				CLANG_WARN_BOOL_CONVERSION = YES;
				CLANG_WARN_COMMA = YES;
				CLANG_WARN_CONSTANT_CONVERSION = YES;
				CLANG_WARN_DEPRECATED_OBJC_IMPLEMENTATIONS = YES;
				CLANG_WARN_DIRECT_OBJC_ISA_USAGE = YES_ERROR;
				CLANG_WARN_DOCUMENTATION_COMMENTS = YES;
				CLANG_WARN_EMPTY_BODY = YES;
				CLANG_WARN_ENUM_CONVERSION = YES;
				CLANG_WARN_INFINITE_RECURSION = YES;
				CLANG_WARN_INT_CONVERSION = YES;
				CLANG_WARN_NON_LITERAL_NULL_CONVERSION = YES;
				CLANG_WARN_OBJC_IMPLICIT_RETAIN_SELF = YES;
				CLANG_WARN_OBJC_LITERAL_CONVERSION = YES;
				CLANG_WARN_OBJC_ROOT_CLASS = YES_ERROR;
				CLANG_WARN_QUOTED_INCLUDE_IN_FRAMEWORK_HEADER = YES;
				CLANG_WARN_RANGE_LOOP_ANALYSIS = YES;
				CLANG_WARN_STRICT_PROTOTYPES = YES;
				CLANG_WARN_SUSPICIOUS_MOVE = YES;
				CLANG_WARN_UNGUARDED_AVAILABILITY = YES_AGGRESSIVE;
				CLANG_WARN_UNREACHABLE_CODE = YES;
				CLANG_WARN__DUPLICATE_METHOD_MATCH = YES;
				COPY_PHASE_STRIP = NO;
				DEBUG_INFORMATION_FORMAT = "dwarf-with-dsym";
				ENABLE_NS_ASSERTIONS = NO;
				ENABLE_STRICT_OBJC_MSGSEND = YES;
				ENABLE_USER_SCRIPT_SANDBOXING = YES;
				GCC_C_LANGUAGE_STANDARD = gnu17;
				GCC_NO_COMMON_BLOCKS = YES;
				GCC_WARN_64_TO_32_BIT_CONVERSION = YES;
				GCC_WARN_ABOUT_RETURN_TYPE = YES_ERROR;
				GCC_WARN_UNDECLARED_SELECTOR = YES;
				GCC_WARN_UNINITIALIZED_AUTOS = YES_AGGRESSIVE;
				GCC_WARN_UNUSED_FUNCTION = YES;
				GCC_WARN_UNUSED_VARIABLE = YES;
				IPHONEOS_DEPLOYMENT_TARGET = 15.0;
				LOCALIZATION_PREFERS_STRING_CATALOGS = YES;
				MTL_ENABLE_DEBUG_INFO = NO;
				MTL_FAST_MATH = YES;
				SDKROOT = iphoneos;
				SWIFT_COMPILATION_MODE = wholemodule;
				VALIDATE_PRODUCT = YES;
			};
			name = Release;
		};
		D5A2B83B2C11A5F10054700F /* Debug */ = {
			isa = XCBuildConfiguration;
			buildSettings = {
				ASSETCATALOG_COMPILER_APPICON_NAME = AppIcon;
				ASSETCATALOG_COMPILER_GLOBAL_ACCENT_COLOR_NAME = AccentColor;
				CODE_SIGN_STYLE = Automatic;
				CURRENT_PROJECT_VERSION = 1;
				DEVELOPMENT_TEAM = 5MH57K7U7U;
				GENERATE_INFOPLIST_FILE = YES;
				INFOPLIST_FILE = PixiePic/Info.plist;
				INFOPLIST_KEY_UIApplicationSupportsIndirectInputEvents = YES;
				INFOPLIST_KEY_UILaunchStoryboardName = LaunchScreen;
				INFOPLIST_KEY_UIMainStoryboardFile = Main;
				INFOPLIST_KEY_UISupportedInterfaceOrientations_iPad = "UIInterfaceOrientationPortrait UIInterfaceOrientationPortraitUpsideDown UIInterfaceOrientationLandscapeLeft UIInterfaceOrientationLandscapeRight";
				INFOPLIST_KEY_UISupportedInterfaceOrientations_iPhone = "UIInterfaceOrientationPortrait UIInterfaceOrientationLandscapeLeft UIInterfaceOrientationLandscapeRight";
				IPHONEOS_DEPLOYMENT_TARGET = 15.0;
				LD_RUNPATH_SEARCH_PATHS = (
					"$(inherited)",
					"@executable_path/Frameworks",
				);
				MARKETING_VERSION = 1.0;
				PRODUCT_BUNDLE_IDENTIFIER = juhee.PixiePic;
				PRODUCT_NAME = "$(TARGET_NAME)";
				SWIFT_EMIT_LOC_STRINGS = YES;
				SWIFT_VERSION = 5.0;
				TARGETED_DEVICE_FAMILY = "1,2";
			};
			name = Debug;
		};
		D5A2B83C2C11A5F10054700F /* Release */ = {
			isa = XCBuildConfiguration;
			buildSettings = {
				ASSETCATALOG_COMPILER_APPICON_NAME = AppIcon;
				ASSETCATALOG_COMPILER_GLOBAL_ACCENT_COLOR_NAME = AccentColor;
				CODE_SIGN_STYLE = Automatic;
				CURRENT_PROJECT_VERSION = 1;
				DEVELOPMENT_TEAM = 5MH57K7U7U;
				GENERATE_INFOPLIST_FILE = YES;
				INFOPLIST_FILE = PixiePic/Info.plist;
				INFOPLIST_KEY_UIApplicationSupportsIndirectInputEvents = YES;
				INFOPLIST_KEY_UILaunchStoryboardName = LaunchScreen;
				INFOPLIST_KEY_UIMainStoryboardFile = Main;
				INFOPLIST_KEY_UISupportedInterfaceOrientations_iPad = "UIInterfaceOrientationPortrait UIInterfaceOrientationPortraitUpsideDown UIInterfaceOrientationLandscapeLeft UIInterfaceOrientationLandscapeRight";
				INFOPLIST_KEY_UISupportedInterfaceOrientations_iPhone = "UIInterfaceOrientationPortrait UIInterfaceOrientationLandscapeLeft UIInterfaceOrientationLandscapeRight";
				IPHONEOS_DEPLOYMENT_TARGET = 15.0;
				LD_RUNPATH_SEARCH_PATHS = (
					"$(inherited)",
					"@executable_path/Frameworks",
				);
				MARKETING_VERSION = 1.0;
				PRODUCT_BUNDLE_IDENTIFIER = juhee.PixiePic;
				PRODUCT_NAME = "$(TARGET_NAME)";
				SWIFT_EMIT_LOC_STRINGS = YES;
				SWIFT_VERSION = 5.0;
				TARGETED_DEVICE_FAMILY = "1,2";
			};
			name = Release;
		};
/* End XCBuildConfiguration section */

/* Begin XCConfigurationList section */
		D5A2B8212C11A5F00054700F /* Build configuration list for PBXProject "PixiePic" */ = {
			isa = XCConfigurationList;
			buildConfigurations = (
				D5A2B8382C11A5F10054700F /* Debug */,
				D5A2B8392C11A5F10054700F /* Release */,
			);
			defaultConfigurationIsVisible = 0;
			defaultConfigurationName = Release;
		};
		D5A2B83A2C11A5F10054700F /* Build configuration list for PBXNativeTarget "PixiePic" */ = {
			isa = XCConfigurationList;
			buildConfigurations = (
				D5A2B83B2C11A5F10054700F /* Debug */,
				D5A2B83C2C11A5F10054700F /* Release */,
			);
			defaultConfigurationIsVisible = 0;
			defaultConfigurationName = Release;
		};
/* End XCConfigurationList section */

/* Begin XCRemoteSwiftPackageReference section */
		D5A2B85B2C11C9730054700F /* XCRemoteSwiftPackageReference "Snapkit" */ = {
			isa = XCRemoteSwiftPackageReference;
			repositoryURL = "https://github.com/Snapkit/Snapkit.git";
			requirement = {
				kind = upToNextMajorVersion;
				minimumVersion = 5.7.1;
			};
		};
/* End XCRemoteSwiftPackageReference section */

/* Begin XCSwiftPackageProductDependency section */
		D5A2B85C2C11C9730054700F /* SnapKit */ = {
			isa = XCSwiftPackageProductDependency;
			package = D5A2B85B2C11C9730054700F /* XCRemoteSwiftPackageReference "Snapkit" */;
			productName = SnapKit;
		};
/* End XCSwiftPackageProductDependency section */
	};
	rootObject = D5A2B81E2C11A5F00054700F /* Project object */;
}
